
Microsoft Visual Studio Solution File, Format Version 12.00
# Visual Studio 14
VisualStudioVersion = 14.0.24720.0
MinimumVisualStudioVersion = 10.0.40219.1
Project("{FAE04EC0-301F-11D3-BF4B-00C04F79EFBC}") = "CommentRemover", "CommentRemover\CommentRemover.csproj", "{8A23725E-4F3C-4D58-8D4C-360F15DC829F}"
EndProject
Project("{FAE04EC0-301F-11D3-BF4B-00C04F79EFBC}") = "CommentRemover.Tests", "CommentRemover.Tests\CommentRemover.Tests.csproj", "{DA1A1F5E-5FEA-4DEF-BAB9-37929F24BA59}"
EndProject
Global
	GlobalSection(SolutionConfigurationPlatforms) = preSolution
		Debug|Any CPU = Debug|Any CPU
		Release|Any CPU = Release|Any CPU
	EndGlobalSection
	GlobalSection(ProjectConfigurationPlatforms) = postSolution
		{8A23725E-4F3C-4D58-8D4C-360F15DC829F}.Debug|Any CPU.ActiveCfg = Debug|Any CPU
		{8A23725E-4F3C-4D58-8D4C-360F15DC829F}.Debug|Any CPU.Build.0 = Debug|Any CPU
		{8A23725E-4F3C-4D58-8D4C-360F15DC829F}.Release|Any CPU.ActiveCfg = Release|Any CPU
		{8A23725E-4F3C-4D58-8D4C-360F15DC829F}.Release|Any CPU.Build.0 = Release|Any CPU
		{DA1A1F5E-5FEA-4DEF-BAB9-37929F24BA59}.Debug|Any CPU.ActiveCfg = Debug|Any CPU
		{DA1A1F5E-5FEA-4DEF-BAB9-37929F24BA59}.Debug|Any CPU.Build.0 = Debug|Any CPU
		{DA1A1F5E-5FEA-4DEF-BAB9-37929F24BA59}.Release|Any CPU.ActiveCfg = Release|Any CPU
		{DA1A1F5E-5FEA-4DEF-BAB9-37929F24BA59}.Release|Any CPU.Build.0 = Release|Any CPU
	EndGlobalSection
	GlobalSection(SolutionProperties) = preSolution
		HideSolutionNode = FALSE
	EndGlobalSection
EndGlobal
